Microsoft Visual Studio Solution File, Format Version 12.00
# Visual Studio 15
VisualStudioVersion = 15.0.26730.10
MinimumVisualStudioVersion = 10.0.40219.1
Project("{FAE04EC0-301F-11D3-BF4B-00C04F79EFBC}") = "XmlExplorerDemo", "XmlExplorerDemo\XmlExplorerDemo.csproj", "{BA1C7851-45F1-41D5-B9FC-486D89424B20}"
EndProject
Project("{FAE04EC0-301F-11D3-BF4B-00C04F79EFBC}") = "GenericXmlExplorerDemo", "GenericXmlExplorerDemo\GenericXmlExplorerDemo.csproj", "{8E1AFD88-DE1C-4563-B93F-2BF5CB2E054A}"
EndProject
Project("{FAE04EC0-301F-11D3-BF4B-00C04F79EFBC}") = "XmlExplorerLib", "Components\XmlExplorerLib\XmlExplorerLib.csproj", "{E363FC08-6AB1-4D43-B708-EDA7F467BB2E}"
EndProject
Project("{FAE04EC0-301F-11D3-BF4B-00C04F79EFBC}") = "XmlExplorerVMLib", "Components\XmlExplorerVMLib\XmlExplorerVMLib.csproj", "{F0C7F0E0-0F12-4C33-A8B9-8E3CC4321D54}"
EndProject
Project("{2150E333-8FDC-42A3-9474-1A3956D46DE8}") = "Components", "Components", "{AA2C4FB8-1231-497F-8B71-09320D03D4ED}"
EndProject
Project("{2150E333-8FDC-42A3-9474-1A3956D46DE8}") = "Settings", "Settings", "{42A98A0D-9A46-42E0-95D0-7B1A65333283}"
EndProject
Project("{FAE04EC0-301F-11D3-BF4B-00C04F79EFBC}") = "Settings", "Components\Settings\Settings\Settings.csproj", "{2807B493-CC2E-402E-901A-EB138698FEDC}"
EndProject
Project("{FAE04EC0-301F-11D3-BF4B-00C04F79EFBC}") = "SettingsModel", "Components\Settings\SettingsModel\SettingsModel.csproj", "{9B0BA841-5A2F-4ED3-A908-253DBCA70E77}"
EndProject
Global
	GlobalSection(SolutionConfigurationPlatforms) = preSolution
		Debug|Any CPU = Debug|Any CPU
		Debug|x64 = Debug|x64
		Debug|x86 = Debug|x86
		Release|Any CPU = Release|Any CPU
		Release|x64 = Release|x64
		Release|x86 = Release|x86
	EndGlobalSection
	GlobalSection(ProjectConfigurationPlatforms) = postSolution
		{BA1C7851-45F1-41D5-B9FC-486D89424B20}.Debug|Any CPU.ActiveCfg = Debug|Any CPU
		{BA1C7851-45F1-41D5-B9FC-486D89424B20}.Debug|Any CPU.Build.0 = Debug|Any CPU
		{BA1C7851-45F1-41D5-B9FC-486D89424B20}.Debug|x64.ActiveCfg = Debug|Any CPU
		{BA1C7851-45F1-41D5-B9FC-486D89424B20}.Debug|x64.Build.0 = Debug|Any CPU
		{BA1C7851-45F1-41D5-B9FC-486D89424B20}.Debug|x86.ActiveCfg = Debug|Any CPU
		{BA1C7851-45F1-41D5-B9FC-486D89424B20}.Debug|x86.Build.0 = Debug|Any CPU
		{BA1C7851-45F1-41D5-B9FC-486D89424B20}.Release|Any CPU.ActiveCfg = Release|Any CPU
		{BA1C7851-45F1-41D5-B9FC-486D89424B20}.Release|Any CPU.Build.0 = Release|Any CPU
		{BA1C7851-45F1-41D5-B9FC-486D89424B20}.Release|x64.ActiveCfg = Release|Any CPU
		{BA1C7851-45F1-41D5-B9FC-486D89424B20}.Release|x64.Build.0 = Release|Any CPU
		{BA1C7851-45F1-41D5-B9FC-486D89424B20}.Release|x86.ActiveCfg = Release|Any CPU
		{BA1C7851-45F1-41D5-B9FC-486D89424B20}.Release|x86.Build.0 = Release|Any CPU
		{8E1AFD88-DE1C-4563-B93F-2BF5CB2E054A}.Debug|Any CPU.ActiveCfg = Debug|Any CPU
		{8E1AFD88-DE1C-4563-B93F-2BF5CB2E054A}.Debug|Any CPU.Build.0 = Debug|Any CPU
		{8E1AFD88-DE1C-4563-B93F-2BF5CB2E054A}.Debug|x64.ActiveCfg = Debug|Any CPU
		{8E1AFD88-DE1C-4563-B93F-2BF5CB2E054A}.Debug|x64.Build.0 = Debug|Any CPU
		{8E1AFD88-DE1C-4563-B93F-2BF5CB2E054A}.Debug|x86.ActiveCfg = Debug|Any CPU
		{8E1AFD88-DE1C-4563-B93F-2BF5CB2E054A}.Debug|x86.Build.0 = Debug|Any CPU
		{8E1AFD88-DE1C-4563-B93F-2BF5CB2E054A}.Release|Any CPU.ActiveCfg = Release|Any CPU
		{8E1AFD88-DE1C-4563-B93F-2BF5CB2E054A}.Release|Any CPU.Build.0 = Release|Any CPU
		{8E1AFD88-DE1C-4563-B93F-2BF5CB2E054A}.Release|x64.ActiveCfg = Release|Any CPU
		{8E1AFD88-DE1C-4563-B93F-2BF5CB2E054A}.Release|x64.Build.0 = Release|Any CPU
		{8E1AFD88-DE1C-4563-B93F-2BF5CB2E054A}.Release|x86.ActiveCfg = Release|Any CPU
		{8E1AFD88-DE1C-4563-B93F-2BF5CB2E054A}.Release|x86.Build.0 = Release|Any CPU
		{E363FC08-6AB1-4D43-B708-EDA7F467BB2E}.Debug|Any CPU.ActiveCfg = Debug|Any CPU
		{E363FC08-6AB1-4D43-B708-EDA7F467BB2E}.Debug|Any CPU.Build.0 = Debug|Any CPU
		{E363FC08-6AB1-4D43-B708-EDA7F467BB2E}.Debug|x64.ActiveCfg = Debug|Any CPU
		{E363FC08-6AB1-4D43-B708-EDA7F467BB2E}.Debug|x64.Build.0 = Debug|Any CPU
		{E363FC08-6AB1-4D43-B708-EDA7F467BB2E}.Debug|x86.ActiveCfg = Debug|Any CPU
		{E363FC08-6AB1-4D43-B708-EDA7F467BB2E}.Debug|x86.Build.0 = Debug|Any CPU
		{E363FC08-6AB1-4D43-B708-EDA7F467BB2E}.Release|Any CPU.ActiveCfg = Release|Any CPU
		{E363FC08-6AB1-4D43-B708-EDA7F467BB2E}.Release|Any CPU.Build.0 = Release|Any CPU
		{E363FC08-6AB1-4D43-B708-EDA7F467BB2E}.Release|x64.ActiveCfg = Release|Any CPU
		{E363FC08-6AB1-4D43-B708-EDA7F467BB2E}.Release|x64.Build.0 = Release|Any CPU
		{E363FC08-6AB1-4D43-B708-EDA7F467BB2E}.Release|x86.ActiveCfg = Release|Any CPU
		{E363FC08-6AB1-4D43-B708-EDA7F467BB2E}.Release|x86.Build.0 = Release|Any CPU
		{F0C7F0E0-0F12-4C33-A8B9-8E3CC4321D54}.Debug|Any CPU.ActiveCfg = Debug|Any CPU
		{F0C7F0E0-0F12-4C33-A8B9-8E3CC4321D54}.Debug|Any CPU.Build.0 = Debug|Any CPU
		{F0C7F0E0-0F12-4C33-A8B9-8E3CC4321D54}.Debug|x64.ActiveCfg = Debug|Any CPU
		{F0C7F0E0-0F12-4C33-A8B9-8E3CC4321D54}.Debug|x64.Build.0 = Debug|Any CPU
		{F0C7F0E0-0F12-4C33-A8B9-8E3CC4321D54}.Debug|x86.ActiveCfg = Debug|Any CPU
		{F0C7F0E0-0F12-4C33-A8B9-8E3CC4321D54}.Debug|x86.Build.0 = Debug|Any CPU
		{F0C7F0E0-0F12-4C33-A8B9-8E3CC4321D54}.Release|Any CPU.ActiveCfg = Release|Any CPU
		{F0C7F0E0-0F12-4C33-A8B9-8E3CC4321D54}.Release|Any CPU.Build.0 = Release|Any CPU
		{F0C7F0E0-0F12-4C33-A8B9-8E3CC4321D54}.Release|x64.ActiveCfg = Release|Any CPU
		{F0C7F0E0-0F12-4C33-A8B9-8E3CC4321D54}.Release|x64.Build.0 = Release|Any CPU
		{F0C7F0E0-0F12-4C33-A8B9-8E3CC4321D54}.Release|x86.ActiveCfg = Release|Any CPU
		{F0C7F0E0-0F12-4C33-A8B9-8E3CC4321D54}.Release|x86.Build.0 = Release|Any CPU
		{2807B493-CC2E-402E-901A-EB138698FEDC}.Debug|Any CPU.ActiveCfg = Debug|Any CPU
		{2807B493-CC2E-402E-901A-EB138698FEDC}.Debug|Any CPU.Build.0 = Debug|Any CPU
		{2807B493-CC2E-402E-901A-EB138698FEDC}.Debug|x64.ActiveCfg = Debug|x64
		{2807B493-CC2E-402E-901A-EB138698FEDC}.Debug|x64.Build.0 = Debug|x64
		{2807B493-CC2E-402E-901A-EB138698FEDC}.Debug|x86.ActiveCfg = Debug|x86
		{2807B493-CC2E-402E-901A-EB138698FEDC}.Debug|x86.Build.0 = Debug|x86
		{2807B493-CC2E-402E-901A-EB138698FEDC}.Release|Any CPU.ActiveCfg = Release|Any CPU
		{2807B493-CC2E-402E-901A-EB138698FEDC}.Release|Any CPU.Build.0 = Release|Any CPU
		{2807B493-CC2E-402E-901A-EB138698FEDC}.Release|x64.ActiveCfg = Release|x64
		{2807B493-CC2E-402E-901A-EB138698FEDC}.Release|x64.Build.0 = Release|x64
		{2807B493-CC2E-402E-901A-EB138698FEDC}.Release|x86.ActiveCfg = Release|x86
		{2807B493-CC2E-402E-901A-EB138698FEDC}.Release|x86.Build.0 = Release|x86
		{9B0BA841-5A2F-4ED3-A908-253DBCA70E77}.Debug|Any CPU.ActiveCfg = Debug|Any CPU
		{9B0BA841-5A2F-4ED3-A908-253DBCA70E77}.Debug|Any CPU.Build.0 = Debug|Any CPU
		{9B0BA841-5A2F-4ED3-A908-253DBCA70E77}.Debug|x64.ActiveCfg = Debug|x64
		{9B0BA841-5A2F-4ED3-A908-253DBCA70E77}.Debug|x64.Build.0 = Debug|x64
		{9B0BA841-5A2F-4ED3-A908-253DBCA70E77}.Debug|x86.ActiveCfg = Debug|x86
		{9B0BA841-5A2F-4ED3-A908-253DBCA70E77}.Debug|x86.Build.0 = Debug|x86
		{9B0BA841-5A2F-4ED3-A908-253DBCA70E77}.Release|Any CPU.ActiveCfg = Release|Any CPU
		{9B0BA841-5A2F-4ED3-A908-253DBCA70E77}.Release|Any CPU.Build.0 = Release|Any CPU
		{9B0BA841-5A2F-4ED3-A908-253DBCA70E77}.Release|x64.ActiveCfg = Release|x64
		{9B0BA841-5A2F-4ED3-A908-253DBCA70E77}.Release|x64.Build.0 = Release|x64
		{9B0BA841-5A2F-4ED3-A908-253DBCA70E77}.Release|x86.ActiveCfg = Release|x86
		{9B0BA841-5A2F-4ED3-A908-253DBCA70E77}.Release|x86.Build.0 = Release|x86
	EndGlobalSection
	GlobalSection(SolutionProperties) = preSolution
		HideSolutionNode = FALSE
	EndGlobalSection
	GlobalSection(NestedProjects) = preSolution
		{E363FC08-6AB1-4D43-B708-EDA7F467BB2E} = {AA2C4FB8-1231-497F-8B71-09320D03D4ED}
		{F0C7F0E0-0F12-4C33-A8B9-8E3CC4321D54} = {AA2C4FB8-1231-497F-8B71-09320D03D4ED}
		{42A98A0D-9A46-42E0-95D0-7B1A65333283} = {AA2C4FB8-1231-497F-8B71-09320D03D4ED}
		{2807B493-CC2E-402E-901A-EB138698FEDC} = {42A98A0D-9A46-42E0-95D0-7B1A65333283}
		{9B0BA841-5A2F-4ED3-A908-253DBCA70E77} = {42A98A0D-9A46-42E0-95D0-7B1A65333283}
	EndGlobalSection
	GlobalSection(ExtensibilityGlobals) = postSolution
		SolutionGuid = {0DB686CA-C0FF-451F-9478-B64232604F88}
	EndGlobalSection
EndGlobal
